
Microsoft Visual Studio Solution File, Format Version 12.00
# Visual Studio 15
VisualStudioVersion = 15.0.27130.2010
MinimumVisualStudioVersion = 10.0.40219.1
Project("{FAE04EC0-301F-11D3-BF4B-00C04F79EFBC}") = "Chess", "Chess\Chess.csproj", "{08ECA1AB-6AB7-4510-A58E-D5F9394785DA}"
EndProject
Project("{FAE04EC0-301F-11D3-BF4B-00C04F79EFBC}") = "DemoChess", "DemoChess\DemoChess.csproj", "{8046A744-5AC6-47F7-9E3D-6DF13781B295}"
EndProject
Global
	GlobalSection(SolutionConfigurationPlatforms) = preSolution
		Debug|Any CPU = Debug|Any CPU
		Release|Any CPU = Release|Any CPU
	EndGlobalSection
	GlobalSection(ProjectConfigurationPlatforms) = postSolution
		{08ECA1AB-6AB7-4510-A58E-D5F9394785DA}.Debug|Any CPU.ActiveCfg = Debug|Any CPU
		{08ECA1AB-6AB7-4510-A58E-D5F9394785DA}.Debug|Any CPU.Build.0 = Debug|Any CPU
		{08ECA1AB-6AB7-4510-A58E-D5F9394785DA}.Release|Any CPU.ActiveCfg = Release|Any CPU
		{08ECA1AB-6AB7-4510-A58E-D5F9394785DA}.Release|Any CPU.Build.0 = Release|Any CPU
		{8046A744-5AC6-47F7-9E3D-6DF13781B295}.Debug|Any CPU.ActiveCfg = Debug|Any CPU
		{8046A744-5AC6-47F7-9E3D-6DF13781B295}.Debug|Any CPU.Build.0 = Debug|Any CPU
		{8046A744-5AC6-47F7-9E3D-6DF13781B295}.Release|Any CPU.ActiveCfg = Release|Any CPU
		{8046A744-5AC6-47F7-9E3D-6DF13781B295}.Release|Any CPU.Build.0 = Release|Any CPU
	EndGlobalSection
	GlobalSection(SolutionProperties) = preSolution
		HideSolutionNode = FALSE
	EndGlobalSection
	GlobalSection(ExtensibilityGlobals) = postSolution
		SolutionGuid = {35BE79C6-907F-437C-A381-C31D1624FD54}
	EndGlobalSection
EndGlobal
